{
  "version": 4,
  "terraform_version": "1.14.6",
  "serial": 4,
  "lineage": "917e00af-6e44-5d0c-31d2-9fc5c3e9651d",
  "outputs": {},
  "resources": [
    {
      "mode": "managed",
      "type": "google_bigquery_dataset",
      "name": "nyc_taxi_dataset",
      "provider": "provider[\"registry.terraform.io/hashicorp/google\"]",
      "instances": [
        {
          "schema_version": 0,
          "attributes": {
            "access": [
              {
                "dataset": [],
                "domain": "",
                "group_by_email": "",
                "role": "OWNER",
                "routine": [],
                "special_group": "",
                "user_by_email": "cabstream@ringed-spirit-458615-p9.iam.gserviceaccount.com",
                "view": []
              },
              {
                "dataset": [],
                "domain": "",
                "group_by_email": "",
                "role": "OWNER",
                "routine": [],
                "special_group": "projectOwners",
                "user_by_email": "",
                "view": []
              },
              {
                "dataset": [],
                "domain": "",
                "group_by_email": "",
                "role": "READER",
                "routine": [],
                "special_group": "projectReaders",
                "user_by_email": "",
                "view": []
              },
              {
                "dataset": [],
                "domain": "",
                "group_by_email": "",
                "role": "WRITER",
                "routine": [],
                "special_group": "projectWriters",
                "user_by_email": "",
                "view": []
              }
            ],
            "creation_time": 1772266145825,
            "dataset_id": "nyc_taxi_data",
            "default_encryption_configuration": [],
            "default_partition_expiration_ms": 5184000000,
            "default_table_expiration_ms": 5184000000,
            "delete_contents_on_destroy": true,
            "description": "",
            "etag": "nZ0MokTnXXdFFbMgJqrS+A==",
            "friendly_name": "",
            "id": "projects/ringed-spirit-458615-p9/datasets/nyc_taxi_data",
            "labels": {},
            "last_modified_time": 1772266145825,
            "location": "us-central1",
            "max_time_travel_hours": "168",
            "project": "ringed-spirit-458615-p9",
            "self_link": "https://bigquery.googleapis.com/bigquery/v2/projects/ringed-spirit-458615-p9/datasets/nyc_taxi_data",
            "timeouts": null
          },
          "sensitive_attributes": [],
          "identity_schema_version": 0,
          "private": "eyJlMmJmYjczMC1lY2FhLTExZTYtOGY4OC0zNDM2M2JjN2M0YzAiOnsiY3JlYXRlIjoxMjAwMDAwMDAwMDAwLCJkZWxldGUiOjEyMDAwMDAwMDAwMDAsInVwZGF0ZSI6MTIwMDAwMDAwMDAwMH19"
        }
      ]
    }
  ],
  "check_results": null
}
